// !$*UTF8*$!
{
	archiveVersion = 1;
	classes = {
	};
	objectVersion = 48;
	objects = {

/* Begin PBXBuildFile section */
		732DFE9320447DE800A5B600 /* AppDelegate.swift in Sources */ = {isa = PBXBuildFile; fileRef = 732DFE9220447DE800A5B600 /* AppDelegate.swift */; };
		732DFE9520447DE800A5B600 /* StatusViewController.swift in Sources */ = {isa = PBXBuildFile; fileRef = 732DFE9420447DE800A5B600 /* StatusViewController.swift */; };
		732DFE9820447DE800A5B600 /* Main.storyboard in Resources */ = {isa = PBXBuildFile; fileRef = 732DFE9620447DE800A5B600 /* Main.storyboard */; };
		732DFE9A20447DE800A5B600 /* Assets.xcassets in Resources */ = {isa = PBXBuildFile; fileRef = 732DFE9920447DE800A5B600 /* Assets.xcassets */; };
		732DFE9D20447DE800A5B600 /* LaunchScreen.storyboard in Resources */ = {isa = PBXBuildFile; fileRef = 732DFE9B20447DE800A5B600 /* LaunchScreen.storyboard */; };
		732DFEA820447DE900A5B600 /* TimelineTests.swift in Sources */ = {isa = PBXBuildFile; fileRef = 732DFEA720447DE900A5B600 /* TimelineTests.swift */; };
		732DFEB3204542F300A5B600 /* TimelineTableViewController.swift in Sources */ = {isa = PBXBuildFile; fileRef = 732DFEB2204542F300A5B600 /* TimelineTableViewController.swift */; };
		732DFEB52045437700A5B600 /* UserStatusTableViewCell.swift in Sources */ = {isa = PBXBuildFile; fileRef = 732DFEB42045437700A5B600 /* UserStatusTableViewCell.swift */; };
		732DFEB92045459B00A5B600 /* TimelineData.swift in Sources */ = {isa = PBXBuildFile; fileRef = 732DFEB82045459B00A5B600 /* TimelineData.swift */; };
		739A031E204D90F000079A8C /* Data+Formater.swift in Sources */ = {isa = PBXBuildFile; fileRef = 739A031D204D90F000079A8C /* Data+Formater.swift */; };
		739A0320204D91CC00079A8C /* String+DataFormat.swift in Sources */ = {isa = PBXBuildFile; fileRef = 739A031F204D91CC00079A8C /* String+DataFormat.swift */; };
		8C40850F30E339B19FDA9161 /* Pods_Timeline.framework in Frameworks */ = {isa = PBXBuildFile; fileRef = AF278702CA0A1A5A6E15B30D /* Pods_Timeline.framework */; };
/* End PBXBuildFile section */

/* Begin PBXContainerItemProxy section */
		732DFEA420447DE900A5B600 /* PBXContainerItemProxy */ = {
			isa = PBXContainerItemProxy;
			containerPortal = 732DFE8720447DE800A5B600 /* Project object */;
			proxyType = 1;
			remoteGlobalIDString = 732DFE8E20447DE800A5B600;
			remoteInfo = Timeline;
		};
/* End PBXContainerItemProxy section */

/* Begin PBXFileReference section */
		40F817B66A03A7228930C7B5 /* Pods-Timeline.release.xcconfig */ = {isa = PBXFileReference; includeInIndex = 1; lastKnownFileType = text.xcconfig; name = "Pods-Timeline.release.xcconfig"; path = "Pods/Target Support Files/Pods-Timeline/Pods-Timeline.release.xcconfig"; sourceTree = "<group>"; };
		45F04E926D483B297A24884F /* Pods-Timeline.debug.xcconfig */ = {isa = PBXFileReference; includeInIndex = 1; lastKnownFileType = text.xcconfig; name = "Pods-Timeline.debug.xcconfig"; path = "Pods/Target Support Files/Pods-Timeline/Pods-Timeline.debug.xcconfig"; sourceTree = "<group>"; };
		732DFE8F20447DE800A5B600 /* Timeline.app */ = {isa = PBXFileReference; explicitFileType = wrapper.application; includeInIndex = 0; path = Timeline.app; sourceTree = BUILT_PRODUCTS_DIR; };
		732DFE9220447DE800A5B600 /* AppDelegate.swift */ = {isa = PBXFileReference; lastKnownFileType = sourcecode.swift; path = AppDelegate.swift; sourceTree = "<group>"; };
		732DFE9420447DE800A5B600 /* StatusViewController.swift */ = {isa = PBXFileReference; lastKnownFileType = sourcecode.swift; path = StatusViewController.swift; sourceTree = "<group>"; };
		732DFE9720447DE800A5B600 /* Base */ = {isa = PBXFileReference; lastKnownFileType = file.storyboard; name = Base; path = Base.lproj/Main.storyboard; sourceTree = "<group>"; };
		732DFE9920447DE800A5B600 /* Assets.xcassets */ = {isa = PBXFileReference; lastKnownFileType = folder.assetcatalog; path = Assets.xcassets; sourceTree = "<group>"; };
		732DFE9C20447DE800A5B600 /* Base */ = {isa = PBXFileReference; lastKnownFileType = file.storyboard; name = Base; path = Base.lproj/LaunchScreen.storyboard; sourceTree = "<group>"; };
		732DFE9E20447DE800A5B600 /* Info.plist */ = {isa = PBXFileReference; lastKnownFileType = text.plist.xml; path = Info.plist; sourceTree = "<group>"; };
		732DFEA320447DE900A5B600 /* TimelineTests.xctest */ = {isa = PBXFileReference; explicitFileType = wrapper.cfbundle; includeInIndex = 0; path = TimelineTests.xctest; sourceTree = BUILT_PRODUCTS_DIR; };
		732DFEA720447DE900A5B600 /* TimelineTests.swift */ = {isa = PBXFileReference; lastKnownFileType = sourcecode.swift; path = TimelineTests.swift; sourceTree = "<group>"; };
		732DFEA920447DE900A5B600 /* Info.plist */ = {isa = PBXFileReference; lastKnownFileType = text.plist.xml; path = Info.plist; sourceTree = "<group>"; };
		732DFEB2204542F300A5B600 /* TimelineTableViewController.swift */ = {isa = PBXFileReference; lastKnownFileType = sourcecode.swift; path = TimelineTableViewController.swift; sourceTree = "<group>"; };
		732DFEB42045437700A5B600 /* UserStatusTableViewCell.swift */ = {isa = PBXFileReference; lastKnownFileType = sourcecode.swift; path = UserStatusTableViewCell.swift; sourceTree = "<group>"; };
		732DFEB82045459B00A5B600 /* TimelineData.swift */ = {isa = PBXFileReference; lastKnownFileType = sourcecode.swift; path = TimelineData.swift; sourceTree = "<group>"; };
		739A031D204D90F000079A8C /* Data+Formater.swift */ = {isa = PBXFileReference; lastKnownFileType = sourcecode.swift; path = "Data+Formater.swift"; sourceTree = "<group>"; };
		739A031F204D91CC00079A8C /* String+DataFormat.swift */ = {isa = PBXFileReference; lastKnownFileType = sourcecode.swift; path = "String+DataFormat.swift"; sourceTree = "<group>"; };
		AF278702CA0A1A5A6E15B30D /* Pods_Timeline.framework */ = {isa = PBXFileReference; explicitFileType = wrapper.framework; includeInIndex = 0; path = Pods_Timeline.framework; sourceTree = BUILT_PRODUCTS_DIR; };
/* End PBXFileReference section */

/* Begin PBXFrameworksBuildPhase section */
		732DFE8C20447DE800A5B600 /* Frameworks */ = {
			isa = PBXFrameworksBuildPhase;
			buildActionMask = 2147483647;
			files = (
				8C40850F30E339B19FDA9161 /* Pods_Timeline.framework in Frameworks */,
			);
			runOnlyForDeploymentPostprocessing = 0;
		};
		732DFEA020447DE900A5B600 /* Frameworks */ = {
			isa = PBXFrameworksBuildPhase;
			buildActionMask = 2147483647;
			files = (
			);
			runOnlyForDeploymentPostprocessing = 0;
		};
/* End PBXFrameworksBuildPhase section */

/* Begin PBXGroup section */
		087B972A363EA7180358AA9A /* Pods */ = {
			isa = PBXGroup;
			children = (
				45F04E926D483B297A24884F /* Pods-Timeline.debug.xcconfig */,
				40F817B66A03A7228930C7B5 /* Pods-Timeline.release.xcconfig */,
			);
			name = Pods;
			sourceTree = "<group>";
		};
		1D8E8CA48D6989D9521A32CB /* Frameworks */ = {
			isa = PBXGroup;
			children = (
				AF278702CA0A1A5A6E15B30D /* Pods_Timeline.framework */,
			);
			name = Frameworks;
			sourceTree = "<group>";
		};
		732DFE8620447DE800A5B600 = {
			isa = PBXGroup;
			children = (
				732DFE9120447DE800A5B600 /* Timeline */,
				732DFEA620447DE900A5B600 /* TimelineTests */,
				732DFE9020447DE800A5B600 /* Products */,
				087B972A363EA7180358AA9A /* Pods */,
				1D8E8CA48D6989D9521A32CB /* Frameworks */,
			);
			sourceTree = "<group>";
		};
		732DFE9020447DE800A5B600 /* Products */ = {
			isa = PBXGroup;
			children = (
				732DFE8F20447DE800A5B600 /* Timeline.app */,
				732DFEA320447DE900A5B600 /* TimelineTests.xctest */,
			);
			name = Products;
			sourceTree = "<group>";
		};
		732DFE9120447DE800A5B600 /* Timeline */ = {
			isa = PBXGroup;
			children = (
				732DFE9220447DE800A5B600 /* AppDelegate.swift */,
				739A0321204D95C000079A8C /* Extensions */,
				732DFEBA204545AB00A5B600 /* Data */,
				732DFEBB204545D700A5B600 /* Controllers */,
				732DFE9620447DE800A5B600 /* Main.storyboard */,
				732DFE9920447DE800A5B600 /* Assets.xcassets */,
				732DFE9B20447DE800A5B600 /* LaunchScreen.storyboard */,
				732DFE9E20447DE800A5B600 /* Info.plist */,
			);
			path = Timeline;
			sourceTree = "<group>";
		};
		732DFEA620447DE900A5B600 /* TimelineTests */ = {
			isa = PBXGroup;
			children = (
				732DFEA720447DE900A5B600 /* TimelineTests.swift */,
				732DFEA920447DE900A5B600 /* Info.plist */,
			);
			path = TimelineTests;
			sourceTree = "<group>";
		};
		732DFEBA204545AB00A5B600 /* Data */ = {
			isa = PBXGroup;
			children = (
				732DFEB82045459B00A5B600 /* TimelineData.swift */,
			);
			path = Data;
			sourceTree = "<group>";
		};
		732DFEBB204545D700A5B600 /* Controllers */ = {
			isa = PBXGroup;
			children = (
				732DFE9420447DE800A5B600 /* StatusViewController.swift */,
				732DFEB2204542F300A5B600 /* TimelineTableViewController.swift */,
				732DFEB42045437700A5B600 /* UserStatusTableViewCell.swift */,
			);
			path = Controllers;
			sourceTree = "<group>";
		};
		739A0321204D95C000079A8C /* Extensions */ = {
			isa = PBXGroup;
			children = (
				739A031D204D90F000079A8C /* Data+Formater.swift */,
				739A031F204D91CC00079A8C /* String+DataFormat.swift */,
			);
			path = Extensions;
			sourceTree = "<group>";
		};
/* End PBXGroup section */

/* Begin PBXNativeTarget section */
		732DFE8E20447DE800A5B600 /* Timeline */ = {
			isa = PBXNativeTarget;
			buildConfigurationList = 732DFEAC20447DE900A5B600 /* Build configuration list for PBXNativeTarget "Timeline" */;
			buildPhases = (
				BAFBC0276758A038AF4B24B4 /* [CP] Check Pods Manifest.lock */,
				732DFE8B20447DE800A5B600 /* Sources */,
				732DFE8C20447DE800A5B600 /* Frameworks */,
				732DFE8D20447DE800A5B600 /* Resources */,
				4F7E6A48405720B869E7E0E4 /* [CP] Embed Pods Frameworks */,
				0CC743637406FE528088F563 /* [CP] Copy Pods Resources */,
			);
			buildRules = (
			);
			dependencies = (
			);
			name = Timeline;
			productName = Timeline;
			productReference = 732DFE8F20447DE800A5B600 /* Timeline.app */;
			productType = "com.apple.product-type.application";
		};
		732DFEA220447DE900A5B600 /* TimelineTests */ = {
			isa = PBXNativeTarget;
			buildConfigurationList = 732DFEAF20447DE900A5B600 /* Build configuration list for PBXNativeTarget "TimelineTests" */;
			buildPhases = (
				732DFE9F20447DE900A5B600 /* Sources */,
				732DFEA020447DE900A5B600 /* Frameworks */,
				732DFEA120447DE900A5B600 /* Resources */,
			);
			buildRules = (
			);
			dependencies = (
				732DFEA520447DE900A5B600 /* PBXTargetDependency */,
			);
			name = TimelineTests;
			productName = TimelineTests;
			productReference = 732DFEA320447DE900A5B600 /* TimelineTests.xctest */;
			productType = "com.apple.product-type.bundle.unit-test";
		};
/* End PBXNativeTarget section */

/* Begin PBXProject section */
		732DFE8720447DE800A5B600 /* Project object */ = {
			isa = PBXProject;
			attributes = {
				LastSwiftUpdateCheck = 0920;
				LastUpgradeCheck = 0920;
				ORGANIZATIONNAME = "Tanya Tomchuk";
				TargetAttributes = {
					732DFE8E20447DE800A5B600 = {
						CreatedOnToolsVersion = 9.2;
						ProvisioningStyle = Automatic;
					};
					732DFEA220447DE900A5B600 = {
						CreatedOnToolsVersion = 9.2;
						ProvisioningStyle = Automatic;
						TestTargetID = 732DFE8E20447DE800A5B600;
					};
				};
			};
			buildConfigurationList = 732DFE8A20447DE800A5B600 /* Build configuration list for PBXProject "Timeline" */;
			compatibilityVersion = "Xcode 8.0";
			developmentRegion = en;
			hasScannedForEncodings = 0;
			knownRegions = (
				en,
				Base,
			);
			mainGroup = 732DFE8620447DE800A5B600;
			productRefGroup = 732DFE9020447DE800A5B600 /* Products */;
			projectDirPath = "";
			projectRoot = "";
			targets = (
				732DFE8E20447DE800A5B600 /* Timeline */,
				732DFEA220447DE900A5B600 /* TimelineTests */,
			);
		};
/* End PBXProject section */

/* Begin PBXResourcesBuildPhase section */
		732DFE8D20447DE800A5B600 /* Resources */ = {
			isa = PBXResourcesBuildPhase;
			buildActionMask = 2147483647;
			files = (
				732DFE9D20447DE800A5B600 /* LaunchScreen.storyboard in Resources */,
				732DFE9A20447DE800A5B600 /* Assets.xcassets in Resources */,
				732DFE9820447DE800A5B600 /* Main.storyboard in Resources */,
			);
			runOnlyForDeploymentPostprocessing = 0;
		};
		732DFEA120447DE900A5B600 /* Resources */ = {
			isa = PBXResourcesBuildPhase;
			buildActionMask = 2147483647;
			files = (
			);
			runOnlyForDeploymentPostprocessing = 0;
		};
/* End PBXResourcesBuildPhase section */

/* Begin PBXShellScriptBuildPhase section */
		0CC743637406FE528088F563 /* [CP] Copy Pods Resources */ = {
			isa = PBXShellScriptBuildPhase;
			buildActionMask = 2147483647;
			files = (
			);
			inputPaths = (
			);
			name = "[CP] Copy Pods Resources";
			outputPaths = (
			);
			runOnlyForDeploymentPostprocessing = 0;
			shellPath = /bin/sh;
			shellScript = "\"${SRCROOT}/Pods/Target Support Files/Pods-Timeline/Pods-Timeline-resources.sh\"\n";
			showEnvVarsInLog = 0;
		};
		4F7E6A48405720B869E7E0E4 /* [CP] Embed Pods Frameworks */ = {
			isa = PBXShellScriptBuildPhase;
			buildActionMask = 2147483647;
			files = (
			);
			inputPaths = (
				"${SRCROOT}/Pods/Target Support Files/Pods-Timeline/Pods-Timeline-frameworks.sh",
				"${BUILT_PRODUCTS_DIR}/Alamofire/Alamofire.framework",
				"${BUILT_PRODUCTS_DIR}/SwiftyJSON/SwiftyJSON.framework",
			);
			name = "[CP] Embed Pods Frameworks";
			outputPaths = (
				"${TARGET_BUILD_DIR}/${FRAMEWORKS_FOLDER_PATH}/Alamofire.framework",
				"${TARGET_BUILD_DIR}/${FRAMEWORKS_FOLDER_PATH}/SwiftyJSON.framework",
			);
			runOnlyForDeploymentPostprocessing = 0;
			shellPath = /bin/sh;
			shellScript = "\"${SRCROOT}/Pods/Target Support Files/Pods-Timeline/Pods-Timeline-frameworks.sh\"\n";
			showEnvVarsInLog = 0;
		};
		BAFBC0276758A038AF4B24B4 /* [CP] Check Pods Manifest.lock */ = {
			isa = PBXShellScriptBuildPhase;
			buildActionMask = 2147483647;
			files = (
			);
			inputPaths = (
				"${PODS_PODFILE_DIR_PATH}/Podfile.lock",
				"${PODS_ROOT}/Manifest.lock",
			);
			name = "[CP] Check Pods Manifest.lock";
			outputPaths = (
				"$(DERIVED_FILE_DIR)/Pods-Timeline-checkManifestLockResult.txt",
			);
			runOnlyForDeploymentPostprocessing = 0;
			shellPath = /bin/sh;
			shellScript = "diff \"${PODS_PODFILE_DIR_PATH}/Podfile.lock\" \"${PODS_ROOT}/Manifest.lock\" > /dev/null\nif [ $? != 0 ] ; then\n    # print error to STDERR\n    echo \"error: The sandbox is not in sync with the Podfile.lock. Run 'pod install' or update your CocoaPods installation.\" >&2\n    exit 1\nfi\n# This output is used by Xcode 'outputs' to avoid re-running this script phase.\necho \"SUCCESS\" > \"${SCRIPT_OUTPUT_FILE_0}\"\n";
			showEnvVarsInLog = 0;
		};
/* End PBXShellScriptBuildPhase section */

/* Begin PBXSourcesBuildPhase section */
		732DFE8B20447DE800A5B600 /* Sources */ = {
			isa = PBXSourcesBuildPhase;
			buildActionMask = 2147483647;
			files = (
				732DFEB92045459B00A5B600 /* TimelineData.swift in Sources */,
				739A031E204D90F000079A8C /* Data+Formater.swift in Sources */,
				732DFE9520447DE800A5B600 /* StatusViewController.swift in Sources */,
				732DFEB3204542F300A5B600 /* TimelineTableViewController.swift in Sources */,
				739A0320204D91CC00079A8C /* String+DataFormat.swift in Sources */,
				732DFEB52045437700A5B600 /* UserStatusTableViewCell.swift in Sources */,
				732DFE9320447DE800A5B600 /* AppDelegate.swift in Sources */,
			);
			runOnlyForDeploymentPostprocessing = 0;
		};
		732DFE9F20447DE900A5B600 /* Sources */ = {
			isa = PBXSourcesBuildPhase;
			buildActionMask = 2147483647;
			files = (
				732DFEA820447DE900A5B600 /* TimelineTests.swift in Sources */,
			);
			runOnlyForDeploymentPostprocessing = 0;
		};
/* End PBXSourcesBuildPhase section */

/* Begin PBXTargetDependency section */
		732DFEA520447DE900A5B600 /* PBXTargetDependency */ = {
			isa = PBXTargetDependency;
			target = 732DFE8E20447DE800A5B600 /* Timeline */;
			targetProxy = 732DFEA420447DE900A5B600 /* PBXContainerItemProxy */;
		};
/* End PBXTargetDependency section */

/* Begin PBXVariantGroup section */
		732DFE9620447DE800A5B600 /* Main.storyboard */ = {
			isa = PBXVariantGroup;
			children = (
				732DFE9720447DE800A5B600 /* Base */,
			);
			name = Main.storyboard;
			sourceTree = "<group>";
		};
		732DFE9B20447DE800A5B600 /* LaunchScreen.storyboard */ = {
			isa = PBXVariantGroup;
			children = (
				732DFE9C20447DE800A5B600 /* Base */,
			);
			name = LaunchScreen.storyboard;
			sourceTree = "<group>";
		};
/* End PBXVariantGroup section */

/* Begin XCBuildConfiguration section */
		732DFEAA20447DE900A5B600 /* Debug */ = {
			isa = XCBuildConfiguration;
			buildSettings = {
				ALWAYS_SEARCH_USER_PATHS = NO;
				CLANG_ANALYZER_NONNULL = YES;
				CLANG_ANALYZER_NUMBER_OBJECT_CONVERSION = YES_AGGRESSIVE;
				CLANG_CXX_LANGUAGE_STANDARD = "gnu++14";
				CLANG_CXX_LIBRARY = "libc++";
				CLANG_ENABLE_MODULES = YES;
				CLANG_ENABLE_OBJC_ARC = YES;
				CLANG_WARN_BLOCK_CAPTURE_AUTORELEASING = YES;
				CLANG_WARN_BOOL_CONVERSION = YES;
				CLANG_WARN_COMMA = YES;
				CLANG_WARN_CONSTANT_CONVERSION = YES;
				CLANG_WARN_DIRECT_OBJC_ISA_USAGE = YES_ERROR;
				CLANG_WARN_DOCUMENTATION_COMMENTS = YES;
				CLANG_WARN_EMPTY_BODY = YES;
				CLANG_WARN_ENUM_CONVERSION = YES;
				CLANG_WARN_INFINITE_RECURSION = YES;
				CLANG_WARN_INT_CONVERSION = YES;
				CLANG_WARN_NON_LITERAL_NULL_CONVERSION = YES;
				CLANG_WARN_OBJC_LITERAL_CONVERSION = YES;
				CLANG_WARN_OBJC_ROOT_CLASS = YES_ERROR;
				CLANG_WARN_RANGE_LOOP_ANALYSIS = YES;
				CLANG_WARN_STRICT_PROTOTYPES = YES;
				CLANG_WARN_SUSPICIOUS_MOVE = YES;
				CLANG_WARN_UNGUARDED_AVAILABILITY = YES_AGGRESSIVE;
				CLANG_WARN_UNREACHABLE_CODE = YES;
				CLANG_WARN__DUPLICATE_METHOD_MATCH = YES;
				CODE_SIGN_IDENTITY = "iPhone Developer";
				COPY_PHASE_STRIP = NO;
				DEBUG_INFORMATION_FORMAT = dwarf;
				ENABLE_STRICT_OBJC_MSGSEND = YES;
				ENABLE_TESTABILITY = YES;
				GCC_C_LANGUAGE_STANDARD = gnu11;
				GCC_DYNAMIC_NO_PIC = NO;
				GCC_NO_COMMON_BLOCKS = YES;
				GCC_OPTIMIZATION_LEVEL = 0;
				GCC_PREPROCESSOR_DEFINITIONS = (
					"DEBUG=1",
					"$(inherited)",
				);
				GCC_WARN_64_TO_32_BIT_CONVERSION = YES;
				GCC_WARN_ABOUT_RETURN_TYPE = YES_ERROR;
				GCC_WARN_UNDECLARED_SELECTOR = YES;
				GCC_WARN_UNINITIALIZED_AUTOS = YES_AGGRESSIVE;
				GCC_WARN_UNUSED_FUNCTION = YES;
				GCC_WARN_UNUSED_VARIABLE = YES;
				IPHONEOS_DEPLOYMENT_TARGET = 11.2;
				MTL_ENABLE_DEBUG_INFO = YES;
				ONLY_ACTIVE_ARCH = YES;
				SDKROOT = iphoneos;
				SWIFT_ACTIVE_COMPILATION_CONDITIONS = DEBUG;
				SWIFT_OPTIMIZATION_LEVEL = "-Onone";
			};
			name = Debug;
		};
		732DFEAB20447DE900A5B600 /* Release */ = {
			isa = XCBuildConfiguration;
			buildSettings = {
				ALWAYS_SEARCH_USER_PATHS = NO;
				CLANG_ANALYZER_NONNULL = YES;
				CLANG_ANALYZER_NUMBER_OBJECT_CONVERSION = YES_AGGRESSIVE;
				CLANG_CXX_LANGUAGE_STANDARD = "gnu++14";
				CLANG_CXX_LIBRARY = "libc++";
				CLANG_ENABLE_MODULES = YES;
				CLANG_ENABLE_OBJC_ARC = YES;
				CLANG_WARN_BLOCK_CAPTURE_AUTORELEASING = YES;
				CLANG_WARN_BOOL_CONVERSION = YES;
				CLANG_WARN_COMMA = YES;
				CLANG_WARN_CONSTANT_CONVERSION = YES;
				CLANG_WARN_DIRECT_OBJC_ISA_USAGE = YES_ERROR;
				CLANG_WARN_DOCUMENTATION_COMMENTS = YES;
				CLANG_WARN_EMPTY_BODY = YES;
				CLANG_WARN_ENUM_CONVERSION = YES;
				CLANG_WARN_INFINITE_RECURSION = YES;
				CLANG_WARN_INT_CONVERSION = YES;
				CLANG_WARN_NON_LITERAL_NULL_CONVERSION = YES;
				CLANG_WARN_OBJC_LITERAL_CONVERSION = YES;
				CLANG_WARN_OBJC_ROOT_CLASS = YES_ERROR;
				CLANG_WARN_RANGE_LOOP_ANALYSIS = YES;
				CLANG_WARN_STRICT_PROTOTYPES = YES;
				CLANG_WARN_SUSPICIOUS_MOVE = YES;
				CLANG_WARN_UNGUARDED_AVAILABILITY = YES_AGGRESSIVE;
				CLANG_WARN_UNREACHABLE_CODE = YES;
				CLANG_WARN__DUPLICATE_METHOD_MATCH = YES;
				CODE_SIGN_IDENTITY = "iPhone Developer";
				COPY_PHASE_STRIP = NO;
				DEBUG_INFORMATION_FORMAT = "dwarf-with-dsym";
				ENABLE_NS_ASSERTIONS = NO;
				ENABLE_STRICT_OBJC_MSGSEND = YES;
				GCC_C_LANGUAGE_STANDARD = gnu11;
				GCC_NO_COMMON_BLOCKS = YES;
				GCC_WARN_64_TO_32_BIT_CONVERSION = YES;
				GCC_WARN_ABOUT_RETURN_TYPE = YES_ERROR;
				GCC_WARN_UNDECLARED_SELECTOR = YES;
				GCC_WARN_UNINITIALIZED_AUTOS = YES_AGGRESSIVE;
				GCC_WARN_UNUSED_FUNCTION = YES;
				GCC_WARN_UNUSED_VARIABLE = YES;
				IPHONEOS_DEPLOYMENT_TARGET = 11.2;
				MTL_ENABLE_DEBUG_INFO = NO;
				SDKROOT = iphoneos;
				SWIFT_OPTIMIZATION_LEVEL = "-Owholemodule";
				VALIDATE_PRODUCT = YES;
			};
			name = Release;
		};
		732DFEAD20447DE900A5B600 /* Debug */ = {
			isa = XCBuildConfiguration;
			baseConfigurationReference = 45F04E926D483B297A24884F /* Pods-Timeline.debug.xcconfig */;
			buildSettings = {
				ASSETCATALOG_COMPILER_APPICON_NAME = AppIcon;
				CODE_SIGN_STYLE = Automatic;
				DEVELOPMENT_TEAM = 7EH4Z4842M;
				INFOPLIST_FILE = Timeline/Info.plist;
				LD_RUNPATH_SEARCH_PATHS = "$(inherited) @executable_path/Frameworks";
				PRODUCT_BUNDLE_IDENTIFIER = com.tanyem.Timeline;
				PRODUCT_NAME = "$(TARGET_NAME)";
				SWIFT_VERSION = 4.0;
				TARGETED_DEVICE_FAMILY = "1,2";
			};
			name = Debug;
		};
		732DFEAE20447DE900A5B600 /* Release */ = {
			isa = XCBuildConfiguration;
			baseConfigurationReference = 40F817B66A03A7228930C7B5 /* Pods-Timeline.release.xcconfig */;
			buildSettings = {
				ASSETCATALOG_COMPILER_APPICON_NAME = AppIcon;
				CODE_SIGN_STYLE = Automatic;
				DEVELOPMENT_TEAM = 7EH4Z4842M;
				INFOPLIST_FILE = Timeline/Info.plist;
				LD_RUNPATH_SEARCH_PATHS = "$(inherited) @executable_path/Frameworks";
				PRODUCT_BUNDLE_IDENTIFIER = com.tanyem.Timeline;
				PRODUCT_NAME = "$(TARGET_NAME)";
				SWIFT_VERSION = 4.0;
				TARGETED_DEVICE_FAMILY = "1,2";
			};
			name = Release;
		};
		732DFEB020447DE900A5B600 /* Debug */ = {
			isa = XCBuildConfiguration;
			buildSettings = {
				ALWAYS_EMBED_SWIFT_STANDARD_LIBRARIES = YES;
				BUNDLE_LOADER = "$(TEST_HOST)";
				CODE_SIGN_STYLE = Automatic;
				DEVELOPMENT_TEAM = 7EH4Z4842M;
				INFOPLIST_FILE = TimelineTests/Info.plist;
				LD_RUNPATH_SEARCH_PATHS = "$(inherited) @executable_path/Frameworks @loader_path/Frameworks";
				PRODUCT_BUNDLE_IDENTIFIER = com.tanyem.TimelineTests;
				PRODUCT_NAME = "$(TARGET_NAME)";
				SWIFT_VERSION = 4.0;
				TARGETED_DEVICE_FAMILY = "1,2";
				TEST_HOST = "$(BUILT_PRODUCTS_DIR)/Timeline.app/Timeline";
			};
			name = Debug;
		};
		732DFEB120447DE900A5B600 /* Release */ = {
			isa = XCBuildConfiguration;
			buildSettings = {
				ALWAYS_EMBED_SWIFT_STANDARD_LIBRARIES = YES;
				BUNDLE_LOADER = "$(TEST_HOST)";
				CODE_SIGN_STYLE = Automatic;
				DEVELOPMENT_TEAM = 7EH4Z4842M;
				INFOPLIST_FILE = TimelineTests/Info.plist;
				LD_RUNPATH_SEARCH_PATHS = "$(inherited) @executable_path/Frameworks @loader_path/Frameworks";
				PRODUCT_BUNDLE_IDENTIFIER = com.tanyem.TimelineTests;
				PRODUCT_NAME = "$(TARGET_NAME)";
				SWIFT_VERSION = 4.0;
				TARGETED_DEVICE_FAMILY = "1,2";
				TEST_HOST = "$(BUILT_PRODUCTS_DIR)/Timeline.app/Timeline";
			};
			name = Release;
		};
/* End XCBuildConfiguration section */

/* Begin XCConfigurationList section */
		732DFE8A20447DE800A5B600 /* Build configuration list for PBXProject "Timeline" */ = {
			isa = XCConfigurationList;
			buildConfigurations = (
				732DFEAA20447DE900A5B600 /* Debug */,
				732DFEAB20447DE900A5B600 /* Release */,
			);
			defaultConfigurationIsVisible = 0;
			defaultConfigurationName = Release;
		};
		732DFEAC20447DE900A5B600 /* Build configuration list for PBXNativeTarget "Timeline" */ = {
			isa = XCConfigurationList;
			buildConfigurations = (
				732DFEAD20447DE900A5B600 /* Debug */,
				732DFEAE20447DE900A5B600 /* Release */,
			);
			defaultConfigurationIsVisible = 0;
			defaultConfigurationName = Release;
		};
		732DFEAF20447DE900A5B600 /* Build configuration list for PBXNativeTarget "TimelineTests" */ = {
			isa = XCConfigurationList;
			buildConfigurations = (
				732DFEB020447DE900A5B600 /* Debug */,
				732DFEB120447DE900A5B600 /* Release */,
			);
			defaultConfigurationIsVisible = 0;
			defaultConfigurationName = Release;
		};
/* End XCConfigurationList section */
	};
	rootObject = 732DFE8720447DE800A5B600 /* Project object */;
}
